{
  "lockfileVersion": 1,
  "workspaces": {
    "": {
      "name": "hypertweet",
      "dependencies": {
        "@types/chrome": "^0.0.260",
        "@types/webextension-polyfill": "^0.10.0",
        "webextension-polyfill": "^0.10.0",
      },
      "devDependencies": {
        "typescript": "^5.3.3",
      },
    },
  },
  "packages": {
    "@types/chrome": ["@types/chrome@0.0.260", "", { "dependencies": { "@types/filesystem": "*", "@types/har-format": "*" } }, "sha512-lX6QpgfsZRTDpNcCJ+3vzfFnFXq9bScFRTlfhbK5oecSAjamsno+ejFTCbNtc5O/TPnVK9Tja/PyecvWQe0F2w=="],

    "@types/filesystem": ["@types/filesystem@0.0.36", "", { "dependencies": { "@types/filewriter": "*" } }, "sha512-vPDXOZuannb9FZdxgHnqSwAG/jvdGM8Wq+6N4D/d80z+D4HWH+bItqsZaVRQykAn6WEVeEkLm2oQigyHtgb0RA=="],

    "@types/filewriter": ["@types/filewriter@0.0.33", "", {}, "sha512-xFU8ZXTw4gd358lb2jw25nxY9QAgqn2+bKKjKOYfNCzN4DKCFetK7sPtrlpg66Ywe3vWY9FNxprZawAh9wfJ3g=="],

    "@types/har-format": ["@types/har-format@1.2.16", "", {}, "sha512-fluxdy7ryD3MV6h8pTfTYpy/xQzCFC7m89nOH9y94cNqJ1mDIDPut7MnRHI3F6qRmh/cT2fUjG1MLdCNb4hE9A=="],

    "@types/webextension-polyfill": ["@types/webextension-polyfill@0.10.7", "", {}, "sha512-10ql7A0qzBmFB+F+qAke/nP1PIonS0TXZAOMVOxEUsm+lGSW6uwVcISFNa0I4Oyj0884TZVWGGMIWeXOVSNFHw=="],

    "typescript": ["typescript@5.8.3", "", { "bin": { "tsc": "bin/tsc", "tsserver": "bin/tsserver" } }, "sha512-p1diW6TqL9L07nNxvRMM7hMMw4c5XOo/1ibL4aAIGmSAt9slTE1Xgw5KWuof2uTOvCg9BY7ZRi+GaF+7sfgPeQ=="],

    "webextension-polyfill": ["webextension-polyfill@0.10.0", "", {}, "sha512-c5s35LgVa5tFaHhrZDnr3FpQpjj1BB+RXhLTYUxGqBVN460HkbM8TBtEqdXWbpTKfzwCcjAZVF7zXCYSKtcp9g=="],
  }
}
